
Microsoft Visual Studio Solution File, Format Version 12.00
# Visual Studio Version 16
VisualStudioVersion = 16.0.28922.388
MinimumVisualStudioVersion = 10.0.40219.1
Project("{FAE04EC0-301F-11D3-BF4B-00C04F79EFBC}") = "J-app", "J-app.csproj", "{6A013958-9A24-4083-AC49-4A03C1EBD923}"
EndProject
Global
	GlobalSection(SolutionConfigurationPlatforms) = preSolution
		Debug|Any CPU = Debug|Any CPU
		Release|Any CPU = Release|Any CPU
	EndGlobalSection
	GlobalSection(ProjectConfigurationPlatforms) = postSolution
		{6A013958-9A24-4083-AC49-4A03C1EBD923}.Debug|Any CPU.ActiveCfg = Debug|Any CPU
		{6A013958-9A24-4083-AC49-4A03C1EBD923}.Debug|Any CPU.Build.0 = Debug|Any CPU
		{6A013958-9A24-4083-AC49-4A03C1EBD923}.Release|Any CPU.ActiveCfg = Release|Any CPU
		{6A013958-9A24-4083-AC49-4A03C1EBD923}.Release|Any CPU.Build.0 = Release|Any CPU
	EndGlobalSection
	GlobalSection(SolutionProperties) = preSolution
		HideSolutionNode = FALSE
	EndGlobalSection
	GlobalSection(ExtensibilityGlobals) = postSolution
		SolutionGuid = {C3DE01E8-4C52-4060-9A09-795FBF3EF10E}
	EndGlobalSection
EndGlobal
